
Microsoft Visual Studio Solution File, Format Version 12.00
# Visual Studio Version 16
VisualStudioVersion = 16.0.31424.327
MinimumVisualStudioVersion = 10.0.40219.1
Project("{F2A71F9B-5D33-465A-A702-920D77279786}") = "FuncLabs", "FuncLabs\FuncLabs.fsproj", "{FE029AE4-2CDB-4CB0-8AEF-61B6A9CD027C}"
EndProject
Global
	GlobalSection(SolutionConfigurationPlatforms) = preSolution
		Debug|Any CPU = Debug|Any CPU
		Release|Any CPU = Release|Any CPU
	EndGlobalSection
	GlobalSection(ProjectConfigurationPlatforms) = postSolution
		{FE029AE4-2CDB-4CB0-8AEF-61B6A9CD027C}.Debug|Any CPU.ActiveCfg = Debug|Any CPU
		{FE029AE4-2CDB-4CB0-8AEF-61B6A9CD027C}.Debug|Any CPU.Build.0 = Debug|Any CPU
		{FE029AE4-2CDB-4CB0-8AEF-61B6A9CD027C}.Release|Any CPU.ActiveCfg = Release|Any CPU
		{FE029AE4-2CDB-4CB0-8AEF-61B6A9CD027C}.Release|Any CPU.Build.0 = Release|Any CPU
	EndGlobalSection
	GlobalSection(SolutionProperties) = preSolution
		HideSolutionNode = FALSE
	EndGlobalSection
	GlobalSection(ExtensibilityGlobals) = postSolution
		SolutionGuid = {20B5281E-D8FF-47D2-A030-BDB22B5A0FBB}
	EndGlobalSection
EndGlobal
